
Microsoft Visual Studio Solution File, Format Version 12.00
# Visual Studio Version 17
VisualStudioVersion = 17.7.34221.43
MinimumVisualStudioVersion = 10.0.40219.1
Project("{FAE04EC0-301F-11D3-BF4B-00C04F79EFBC}") = "assignment2", "assignment2\assignment2.csproj", "{7C290EE2-D269-4F18-A767-1B844ED44A52}"
EndProject
Global
	GlobalSection(SolutionConfigurationPlatforms) = preSolution
		Debug|Any CPU = Debug|Any CPU
		Release|Any CPU = Release|Any CPU
	EndGlobalSection
	GlobalSection(ProjectConfigurationPlatforms) = postSolution
		{7C290EE2-D269-4F18-A767-1B844ED44A52}.Debug|Any CPU.ActiveCfg = Debug|Any CPU
		{7C290EE2-D269-4F18-A767-1B844ED44A52}.Debug|Any CPU.Build.0 = Debug|Any CPU
		{7C290EE2-D269-4F18-A767-1B844ED44A52}.Release|Any CPU.ActiveCfg = Release|Any CPU
		{7C290EE2-D269-4F18-A767-1B844ED44A52}.Release|Any CPU.Build.0 = Release|Any CPU
	EndGlobalSection
	GlobalSection(SolutionProperties) = preSolution
		HideSolutionNode = FALSE
	EndGlobalSection
	GlobalSection(ExtensibilityGlobals) = postSolution
		SolutionGuid = {CEDECC70-3369-4A07-8537-C93FBAB6CF05}
	EndGlobalSection
EndGlobal
